
Microsoft Visual Studio Solution File, Format Version 12.00
# Visual Studio Version 17
VisualStudioVersion = 17.4.33403.182
MinimumVisualStudioVersion = 10.0.40219.1
Project("{FAE04EC0-301F-11D3-BF4B-00C04F79EFBC}") = "BookHive", "BookHive\BookHive.csproj", "{6DB050AE-1889-4E3E-B490-ED1C3E0F6ABB}"
EndProject
Global
	GlobalSection(SolutionConfigurationPlatforms) = preSolution
		Debug|Any CPU = Debug|Any CPU
		Release|Any CPU = Release|Any CPU
	EndGlobalSection
	GlobalSection(ProjectConfigurationPlatforms) = postSolution
		{6DB050AE-1889-4E3E-B490-ED1C3E0F6ABB}.Debug|Any CPU.ActiveCfg = Debug|Any CPU
		{6DB050AE-1889-4E3E-B490-ED1C3E0F6ABB}.Debug|Any CPU.Build.0 = Debug|Any CPU
		{6DB050AE-1889-4E3E-B490-ED1C3E0F6ABB}.Release|Any CPU.ActiveCfg = Release|Any CPU
		{6DB050AE-1889-4E3E-B490-ED1C3E0F6ABB}.Release|Any CPU.Build.0 = Release|Any CPU
	EndGlobalSection
	GlobalSection(SolutionProperties) = preSolution
		HideSolutionNode = FALSE
	EndGlobalSection
	GlobalSection(ExtensibilityGlobals) = postSolution
		SolutionGuid = {7B757D8C-8E28-4B78-B855-233D14107BD0}
	EndGlobalSection
EndGlobal
